
Microsoft Visual Studio Solution File, Format Version 12.00
# Visual Studio Version 16
VisualStudioVersion = 16.0.30114.105
MinimumVisualStudioVersion = 10.0.40219.1
Project("{9092AA53-FB77-4645-B42D-1CCCA6BD08BD}") = "lab-2", "lab-2.njsproj", "{DC5CB099-0DEA-4A30-88B1-F4A5BAC93572}"
EndProject
Global
	GlobalSection(SolutionConfigurationPlatforms) = preSolution
		Debug|Any CPU = Debug|Any CPU
		Release|Any CPU = Release|Any CPU
	EndGlobalSection
	GlobalSection(ProjectConfigurationPlatforms) = postSolution
		{DC5CB099-0DEA-4A30-88B1-F4A5BAC93572}.Debug|Any CPU.ActiveCfg = Debug|Any CPU
		{DC5CB099-0DEA-4A30-88B1-F4A5BAC93572}.Debug|Any CPU.Build.0 = Debug|Any CPU
		{DC5CB099-0DEA-4A30-88B1-F4A5BAC93572}.Release|Any CPU.ActiveCfg = Release|Any CPU
		{DC5CB099-0DEA-4A30-88B1-F4A5BAC93572}.Release|Any CPU.Build.0 = Release|Any CPU
	EndGlobalSection
	GlobalSection(SolutionProperties) = preSolution
		HideSolutionNode = FALSE
	EndGlobalSection
	GlobalSection(ExtensibilityGlobals) = postSolution
		SolutionGuid = {A0BE4811-3A68-404C-901F-390B34BC19E4}
	EndGlobalSection
EndGlobal
